
Microsoft Visual Studio Solution File, Format Version 12.00
# Visual Studio 2012
Project("{FAE04EC0-301F-11D3-BF4B-00C04F79EFBC}") = "Wendy", "Wendy\Wendy.csproj", "{62D438C8-6068-419A-B3FC-BA5A9262D393}"
EndProject
Project("{FAE04EC0-301F-11D3-BF4B-00C04F79EFBC}") = "Wendy.iOS", "iOS\Wendy.iOS.csproj", "{AEEF013E-7BDF-4F34-9891-9E9142A03382}"
EndProject
Project("{FAE04EC0-301F-11D3-BF4B-00C04F79EFBC}") = "Wendy.Droid", "Droid\Wendy.Droid.csproj", "{BA66ED4D-A4EA-4472-990B-67E260CDCD80}"
EndProject
Global
	GlobalSection(SolutionConfigurationPlatforms) = preSolution
		Debug|Any CPU = Debug|Any CPU
		Release|Any CPU = Release|Any CPU
		Debug|iPhoneSimulator = Debug|iPhoneSimulator
		Release|iPhone = Release|iPhone
		Release|iPhoneSimulator = Release|iPhoneSimulator
		Debug|iPhone = Debug|iPhone
	EndGlobalSection
	GlobalSection(ProjectConfigurationPlatforms) = postSolution
		{62D438C8-6068-419A-B3FC-BA5A9262D393}.Debug|Any CPU.ActiveCfg = Debug|Any CPU
		{62D438C8-6068-419A-B3FC-BA5A9262D393}.Debug|Any CPU.Build.0 = Debug|Any CPU
		{62D438C8-6068-419A-B3FC-BA5A9262D393}.Release|Any CPU.ActiveCfg = Release|Any CPU
		{62D438C8-6068-419A-B3FC-BA5A9262D393}.Release|Any CPU.Build.0 = Release|Any CPU
		{62D438C8-6068-419A-B3FC-BA5A9262D393}.Debug|iPhoneSimulator.ActiveCfg = Debug|Any CPU
		{62D438C8-6068-419A-B3FC-BA5A9262D393}.Debug|iPhoneSimulator.Build.0 = Debug|Any CPU
		{62D438C8-6068-419A-B3FC-BA5A9262D393}.Release|iPhone.ActiveCfg = Release|Any CPU
		{62D438C8-6068-419A-B3FC-BA5A9262D393}.Release|iPhone.Build.0 = Release|Any CPU
		{62D438C8-6068-419A-B3FC-BA5A9262D393}.Release|iPhoneSimulator.ActiveCfg = Release|Any CPU
		{62D438C8-6068-419A-B3FC-BA5A9262D393}.Release|iPhoneSimulator.Build.0 = Release|Any CPU
		{62D438C8-6068-419A-B3FC-BA5A9262D393}.Debug|iPhone.ActiveCfg = Debug|Any CPU
		{62D438C8-6068-419A-B3FC-BA5A9262D393}.Debug|iPhone.Build.0 = Debug|Any CPU
		{AEEF013E-7BDF-4F34-9891-9E9142A03382}.Debug|Any CPU.ActiveCfg = Debug|iPhoneSimulator
		{AEEF013E-7BDF-4F34-9891-9E9142A03382}.Debug|Any CPU.Build.0 = Debug|iPhoneSimulator
		{AEEF013E-7BDF-4F34-9891-9E9142A03382}.Release|Any CPU.ActiveCfg = Release|iPhone
		{AEEF013E-7BDF-4F34-9891-9E9142A03382}.Release|Any CPU.Build.0 = Release|iPhone
		{AEEF013E-7BDF-4F34-9891-9E9142A03382}.Debug|iPhoneSimulator.ActiveCfg = Debug|iPhoneSimulator
		{AEEF013E-7BDF-4F34-9891-9E9142A03382}.Debug|iPhoneSimulator.Build.0 = Debug|iPhoneSimulator
		{AEEF013E-7BDF-4F34-9891-9E9142A03382}.Release|iPhone.ActiveCfg = Release|iPhone
		{AEEF013E-7BDF-4F34-9891-9E9142A03382}.Release|iPhone.Build.0 = Release|iPhone
		{AEEF013E-7BDF-4F34-9891-9E9142A03382}.Release|iPhoneSimulator.ActiveCfg = Release|iPhoneSimulator
		{AEEF013E-7BDF-4F34-9891-9E9142A03382}.Release|iPhoneSimulator.Build.0 = Release|iPhoneSimulator
		{AEEF013E-7BDF-4F34-9891-9E9142A03382}.Debug|iPhone.ActiveCfg = Debug|iPhone
		{AEEF013E-7BDF-4F34-9891-9E9142A03382}.Debug|iPhone.Build.0 = Debug|iPhone
		{BA66ED4D-A4EA-4472-990B-67E260CDCD80}.Debug|Any CPU.ActiveCfg = Debug|Any CPU
		{BA66ED4D-A4EA-4472-990B-67E260CDCD80}.Debug|Any CPU.Build.0 = Debug|Any CPU
		{BA66ED4D-A4EA-4472-990B-67E260CDCD80}.Release|Any CPU.ActiveCfg = Release|Any CPU
		{BA66ED4D-A4EA-4472-990B-67E260CDCD80}.Release|Any CPU.Build.0 = Release|Any CPU
		{BA66ED4D-A4EA-4472-990B-67E260CDCD80}.Debug|iPhoneSimulator.ActiveCfg = Debug|Any CPU
		{BA66ED4D-A4EA-4472-990B-67E260CDCD80}.Debug|iPhoneSimulator.Build.0 = Debug|Any CPU
		{BA66ED4D-A4EA-4472-990B-67E260CDCD80}.Release|iPhone.ActiveCfg = Release|Any CPU
		{BA66ED4D-A4EA-4472-990B-67E260CDCD80}.Release|iPhone.Build.0 = Release|Any CPU
		{BA66ED4D-A4EA-4472-990B-67E260CDCD80}.Release|iPhoneSimulator.ActiveCfg = Release|Any CPU
		{BA66ED4D-A4EA-4472-990B-67E260CDCD80}.Release|iPhoneSimulator.Build.0 = Release|Any CPU
		{BA66ED4D-A4EA-4472-990B-67E260CDCD80}.Debug|iPhone.ActiveCfg = Debug|Any CPU
		{BA66ED4D-A4EA-4472-990B-67E260CDCD80}.Debug|iPhone.Build.0 = Debug|Any CPU
	EndGlobalSection
EndGlobal
